// !$*UTF8*$!
{
	archiveVersion = 1;
	classes = {
	};
	objectVersion = 51;
	objects = {

/* Begin PBXBuildFile section */
		C6338077244645B2001F8CE0 /* ActivityFiveViewController.swift in Sources */ = {isa = PBXBuildFile; fileRef = C6338076244645B2001F8CE0 /* ActivityFiveViewController.swift */; };
		C633807A244645F0001F8CE0 /* ActivitiesCollectionView.swift in Sources */ = {isa = PBXBuildFile; fileRef = C6338079244645F0001F8CE0 /* ActivitiesCollectionView.swift */; };
		C633807C244645FD001F8CE0 /* RulesView.swift in Sources */ = {isa = PBXBuildFile; fileRef = C633807B244645FD001F8CE0 /* RulesView.swift */; };
		C633807E24464617001F8CE0 /* MattView.swift in Sources */ = {isa = PBXBuildFile; fileRef = C633807D24464617001F8CE0 /* MattView.swift */; };
		C633808024464621001F8CE0 /* LubaView.swift in Sources */ = {isa = PBXBuildFile; fileRef = C633807F24464621001F8CE0 /* LubaView.swift */; };
		C633808224464636001F8CE0 /* TiffanyView.swift in Sources */ = {isa = PBXBuildFile; fileRef = C633808124464636001F8CE0 /* TiffanyView.swift */; };
		C633808424464644001F8CE0 /* CasandraView.swift in Sources */ = {isa = PBXBuildFile; fileRef = C633808324464644001F8CE0 /* CasandraView.swift */; };
		C63380862446465A001F8CE0 /* ActivityFiveView.swift in Sources */ = {isa = PBXBuildFile; fileRef = C63380852446465A001F8CE0 /* ActivityFiveView.swift */; };
		C633808924464A04001F8CE0 /* ActivitiesCell.swift in Sources */ = {isa = PBXBuildFile; fileRef = C633808824464A04001F8CE0 /* ActivitiesCell.swift */; };
		C633808B24464A63001F8CE0 /* LubaCell.swift in Sources */ = {isa = PBXBuildFile; fileRef = C633808A24464A63001F8CE0 /* LubaCell.swift */; };
		C634F7F72447BAF80042BB6C /* Data+ConvertURL.swift in Sources */ = {isa = PBXBuildFile; fileRef = C634F7F62447BAF80042BB6C /* Data+ConvertURL.swift */; };
		C63A96A52446A657007B4717 /* Activities.swift in Sources */ = {isa = PBXBuildFile; fileRef = C63A96A42446A657007B4717 /* Activities.swift */; };
		C63A96A92446AC64007B4717 /* URL+VideoPreviewThumbnail.swift in Sources */ = {isa = PBXBuildFile; fileRef = C63A96A82446AC64007B4717 /* URL+VideoPreviewThumbnail.swift */; };
		C63A96AB2446AC8A007B4717 /* ShowAlert.swift in Sources */ = {isa = PBXBuildFile; fileRef = C63A96AA2446AC8A007B4717 /* ShowAlert.swift */; };
		C63A96AE2446BB16007B4717 /* CoreDataManager.swift in Sources */ = {isa = PBXBuildFile; fileRef = C63A96AD2446BB16007B4717 /* CoreDataManager.swift */; };
		C63A96B12446BC45007B4717 /* MediaObject.xcdatamodeld in Sources */ = {isa = PBXBuildFile; fileRef = C63A96AF2446BC45007B4717 /* MediaObject.xcdatamodeld */; };
		C64C419A2445032100919FBC /* AppDelegate.swift in Sources */ = {isa = PBXBuildFile; fileRef = C64C41992445032100919FBC /* AppDelegate.swift */; };
		C64C419C2445032100919FBC /* SceneDelegate.swift in Sources */ = {isa = PBXBuildFile; fileRef = C64C419B2445032100919FBC /* SceneDelegate.swift */; };
		C64C41A32445032200919FBC /* Assets.xcassets in Resources */ = {isa = PBXBuildFile; fileRef = C64C41A22445032200919FBC /* Assets.xcassets */; };
		C64C41A62445032200919FBC /* LaunchScreen.storyboard in Resources */ = {isa = PBXBuildFile; fileRef = C64C41A42445032200919FBC /* LaunchScreen.storyboard */; };
		C653A1052446587800142D86 /* GoogleService-Info.plist in Resources */ = {isa = PBXBuildFile; fileRef = C653A1042446587800142D86 /* GoogleService-Info.plist */; };
		C653A107244677D300142D86 /* DatabaseService.swift in Sources */ = {isa = PBXBuildFile; fileRef = C653A106244677D300142D86 /* DatabaseService.swift */; };
		C6874A892448B112009616E5 /* LubaHeaderView.swift in Sources */ = {isa = PBXBuildFile; fileRef = C6874A882448B112009616E5 /* LubaHeaderView.swift */; };
		C6874A902448B1D1009616E5 /* MediaObject+CoreDataClass.swift in Sources */ = {isa = PBXBuildFile; fileRef = C6874A8E2448B1D1009616E5 /* MediaObject+CoreDataClass.swift */; };
		C6874A912448B1D1009616E5 /* MediaObject+CoreDataProperties.swift in Sources */ = {isa = PBXBuildFile; fileRef = C6874A8F2448B1D1009616E5 /* MediaObject+CoreDataProperties.swift */; };
		C6AA637C2446438B00F6D303 /* ActivitiesCollectionViewController.swift in Sources */ = {isa = PBXBuildFile; fileRef = C6AA637B2446438B00F6D303 /* ActivitiesCollectionViewController.swift */; };
		C6AA637E244643B600F6D303 /* RulesViewController.swift in Sources */ = {isa = PBXBuildFile; fileRef = C6AA637D244643B600F6D303 /* RulesViewController.swift */; };
		C6AA63802446443300F6D303 /* MattViewController.swift in Sources */ = {isa = PBXBuildFile; fileRef = C6AA637F2446443300F6D303 /* MattViewController.swift */; };
		C6AA6382244644DE00F6D303 /* LubaViewController.swift in Sources */ = {isa = PBXBuildFile; fileRef = C6AA6381244644DE00F6D303 /* LubaViewController.swift */; };
		C6AA6384244644EE00F6D303 /* TiffanyViewController.swift in Sources */ = {isa = PBXBuildFile; fileRef = C6AA6383244644EE00F6D303 /* TiffanyViewController.swift */; };
		C6AA6386244644FA00F6D303 /* CasandraViewController.swift in Sources */ = {isa = PBXBuildFile; fileRef = C6AA6385244644FA00F6D303 /* CasandraViewController.swift */; };
		DEDE43B797F61B1700D7A823 /* Pods_ActivityApp.framework in Frameworks */ = {isa = PBXBuildFile; fileRef = 8143CA4273897C8503DDFAA9 /* Pods_ActivityApp.framework */; };
/* End PBXBuildFile section */

/* Begin PBXFileReference section */
		469565247CC26627257EA3D9 /* Pods-ActivityApp.debug.xcconfig */ = {isa = PBXFileReference; includeInIndex = 1; lastKnownFileType = text.xcconfig; name = "Pods-ActivityApp.debug.xcconfig"; path = "Target Support Files/Pods-ActivityApp/Pods-ActivityApp.debug.xcconfig"; sourceTree = "<group>"; };
		8143CA4273897C8503DDFAA9 /* Pods_ActivityApp.framework */ = {isa = PBXFileReference; explicitFileType = wrapper.framework; includeInIndex = 0; path = Pods_ActivityApp.framework; sourceTree = BUILT_PRODUCTS_DIR; };
		81F64C1E6A7D3631F924AAF2 /* Pods-ActivityApp.release.xcconfig */ = {isa = PBXFileReference; includeInIndex = 1; lastKnownFileType = text.xcconfig; name = "Pods-ActivityApp.release.xcconfig"; path = "Target Support Files/Pods-ActivityApp/Pods-ActivityApp.release.xcconfig"; sourceTree = "<group>"; };
		C6338076244645B2001F8CE0 /* ActivityFiveViewController.swift */ = {isa = PBXFileReference; lastKnownFileType = sourcecode.swift; path = ActivityFiveViewController.swift; sourceTree = "<group>"; };
		C6338079244645F0001F8CE0 /* ActivitiesCollectionView.swift */ = {isa = PBXFileReference; lastKnownFileType = sourcecode.swift; path = ActivitiesCollectionView.swift; sourceTree = "<group>"; };
		C633807B244645FD001F8CE0 /* RulesView.swift */ = {isa = PBXFileReference; lastKnownFileType = sourcecode.swift; path = RulesView.swift; sourceTree = "<group>"; };
		C633807D24464617001F8CE0 /* MattView.swift */ = {isa = PBXFileReference; lastKnownFileType = sourcecode.swift; path = MattView.swift; sourceTree = "<group>"; };
		C633807F24464621001F8CE0 /* LubaView.swift */ = {isa = PBXFileReference; lastKnownFileType = sourcecode.swift; path = LubaView.swift; sourceTree = "<group>"; };
		C633808124464636001F8CE0 /* TiffanyView.swift */ = {isa = PBXFileReference; lastKnownFileType = sourcecode.swift; path = TiffanyView.swift; sourceTree = "<group>"; };
		C633808324464644001F8CE0 /* CasandraView.swift */ = {isa = PBXFileReference; lastKnownFileType = sourcecode.swift; path = CasandraView.swift; sourceTree = "<group>"; };
		C63380852446465A001F8CE0 /* ActivityFiveView.swift */ = {isa = PBXFileReference; lastKnownFileType = sourcecode.swift; path = ActivityFiveView.swift; sourceTree = "<group>"; };
		C633808824464A04001F8CE0 /* ActivitiesCell.swift */ = {isa = PBXFileReference; lastKnownFileType = sourcecode.swift; path = ActivitiesCell.swift; sourceTree = "<group>"; };
		C633808A24464A63001F8CE0 /* LubaCell.swift */ = {isa = PBXFileReference; lastKnownFileType = sourcecode.swift; path = LubaCell.swift; sourceTree = "<group>"; };
		C634F7F62447BAF80042BB6C /* Data+ConvertURL.swift */ = {isa = PBXFileReference; lastKnownFileType = sourcecode.swift; path = "Data+ConvertURL.swift"; sourceTree = "<group>"; };
		C63A96A42446A657007B4717 /* Activities.swift */ = {isa = PBXFileReference; lastKnownFileType = sourcecode.swift; path = Activities.swift; sourceTree = "<group>"; };
		C63A96A82446AC64007B4717 /* URL+VideoPreviewThumbnail.swift */ = {isa = PBXFileReference; lastKnownFileType = sourcecode.swift; path = "URL+VideoPreviewThumbnail.swift"; sourceTree = "<group>"; };
		C63A96AA2446AC8A007B4717 /* ShowAlert.swift */ = {isa = PBXFileReference; lastKnownFileType = sourcecode.swift; path = ShowAlert.swift; sourceTree = "<group>"; };
		C63A96AD2446BB16007B4717 /* CoreDataManager.swift */ = {isa = PBXFileReference; lastKnownFileType = sourcecode.swift; path = CoreDataManager.swift; sourceTree = "<group>"; };
		C63A96B02446BC45007B4717 /* MediaObject.xcdatamodel */ = {isa = PBXFileReference; lastKnownFileType = wrapper.xcdatamodel; path = MediaObject.xcdatamodel; sourceTree = "<group>"; };
		C64C41962445032100919FBC /* ActivityApp.app */ = {isa = PBXFileReference; explicitFileType = wrapper.application; includeInIndex = 0; path = ActivityApp.app; sourceTree = BUILT_PRODUCTS_DIR; };
		C64C41992445032100919FBC /* AppDelegate.swift */ = {isa = PBXFileReference; lastKnownFileType = sourcecode.swift; path = AppDelegate.swift; sourceTree = "<group>"; };
		C64C419B2445032100919FBC /* SceneDelegate.swift */ = {isa = PBXFileReference; lastKnownFileType = sourcecode.swift; path = SceneDelegate.swift; sourceTree = "<group>"; };
		C64C41A22445032200919FBC /* Assets.xcassets */ = {isa = PBXFileReference; lastKnownFileType = folder.assetcatalog; path = Assets.xcassets; sourceTree = "<group>"; };
		C64C41A52445032200919FBC /* Base */ = {isa = PBXFileReference; lastKnownFileType = file.storyboard; name = Base; path = Base.lproj/LaunchScreen.storyboard; sourceTree = "<group>"; };
		C64C41A72445032200919FBC /* Info.plist */ = {isa = PBXFileReference; lastKnownFileType = text.plist.xml; path = Info.plist; sourceTree = "<group>"; };
		C653A1042446587800142D86 /* GoogleService-Info.plist */ = {isa = PBXFileReference; lastKnownFileType = text.plist; path = "GoogleService-Info.plist"; sourceTree = SOURCE_ROOT; };
		C653A106244677D300142D86 /* DatabaseService.swift */ = {isa = PBXFileReference; lastKnownFileType = sourcecode.swift; path = DatabaseService.swift; sourceTree = "<group>"; };
		C6874A882448B112009616E5 /* LubaHeaderView.swift */ = {isa = PBXFileReference; lastKnownFileType = sourcecode.swift; path = LubaHeaderView.swift; sourceTree = "<group>"; };
		C6874A8E2448B1D1009616E5 /* MediaObject+CoreDataClass.swift */ = {isa = PBXFileReference; lastKnownFileType = sourcecode.swift; name = "MediaObject+CoreDataClass.swift"; path = "/Users/casandragrullon/Documents/ActivityApp/ActivityApp/Models/MediaObject+CoreDataClass.swift"; sourceTree = "<absolute>"; };
		C6874A8F2448B1D1009616E5 /* MediaObject+CoreDataProperties.swift */ = {isa = PBXFileReference; lastKnownFileType = sourcecode.swift; name = "MediaObject+CoreDataProperties.swift"; path = "/Users/casandragrullon/Documents/ActivityApp/ActivityApp/Models/MediaObject+CoreDataProperties.swift"; sourceTree = "<absolute>"; };
		C6AA637B2446438B00F6D303 /* ActivitiesCollectionViewController.swift */ = {isa = PBXFileReference; lastKnownFileType = sourcecode.swift; path = ActivitiesCollectionViewController.swift; sourceTree = "<group>"; };
		C6AA637D244643B600F6D303 /* RulesViewController.swift */ = {isa = PBXFileReference; lastKnownFileType = sourcecode.swift; path = RulesViewController.swift; sourceTree = "<group>"; };
		C6AA637F2446443300F6D303 /* MattViewController.swift */ = {isa = PBXFileReference; lastKnownFileType = sourcecode.swift; path = MattViewController.swift; sourceTree = "<group>"; };
		C6AA6381244644DE00F6D303 /* LubaViewController.swift */ = {isa = PBXFileReference; lastKnownFileType = sourcecode.swift; path = LubaViewController.swift; sourceTree = "<group>"; };
		C6AA6383244644EE00F6D303 /* TiffanyViewController.swift */ = {isa = PBXFileReference; lastKnownFileType = sourcecode.swift; path = TiffanyViewController.swift; sourceTree = "<group>"; };
		C6AA6385244644FA00F6D303 /* CasandraViewController.swift */ = {isa = PBXFileReference; lastKnownFileType = sourcecode.swift; path = CasandraViewController.swift; sourceTree = "<group>"; };
/* End PBXFileReference section */

/* Begin PBXFrameworksBuildPhase section */
		C64C41932445032100919FBC /* Frameworks */ = {
			isa = PBXFrameworksBuildPhase;
			buildActionMask = 2147483647;
			files = (
				DEDE43B797F61B1700D7A823 /* Pods_ActivityApp.framework in Frameworks */,
			);
			runOnlyForDeploymentPostprocessing = 0;
		};
/* End PBXFrameworksBuildPhase section */

/* Begin PBXGroup section */
		522830203FC4064BA408BD0B /* Pods */ = {
			isa = PBXGroup;
			children = (
				469565247CC26627257EA3D9 /* Pods-ActivityApp.debug.xcconfig */,
				81F64C1E6A7D3631F924AAF2 /* Pods-ActivityApp.release.xcconfig */,
			);
			path = Pods;
			sourceTree = "<group>";
		};
		8DABEBBECD8A80E5CF8C9867 /* Frameworks */ = {
			isa = PBXGroup;
			children = (
				8143CA4273897C8503DDFAA9 /* Pods_ActivityApp.framework */,
			);
			name = Frameworks;
			sourceTree = "<group>";
		};
		C6338078244645CA001F8CE0 /* Views */ = {
			isa = PBXGroup;
			children = (
				C6338079244645F0001F8CE0 /* ActivitiesCollectionView.swift */,
				C633807B244645FD001F8CE0 /* RulesView.swift */,
				C633807D24464617001F8CE0 /* MattView.swift */,
				C633807F24464621001F8CE0 /* LubaView.swift */,
				C633808124464636001F8CE0 /* TiffanyView.swift */,
				C633808324464644001F8CE0 /* CasandraView.swift */,
				C63380852446465A001F8CE0 /* ActivityFiveView.swift */,
				C6874A882448B112009616E5 /* LubaHeaderView.swift */,
			);
			path = Views;
			sourceTree = "<group>";
		};
		C6338087244649C3001F8CE0 /* Cells */ = {
			isa = PBXGroup;
			children = (
				C633808824464A04001F8CE0 /* ActivitiesCell.swift */,
				C633808A24464A63001F8CE0 /* LubaCell.swift */,
			);
			path = Cells;
			sourceTree = "<group>";
		};
		C63A96A32446A645007B4717 /* Models */ = {
			isa = PBXGroup;
			children = (
				C63A96A42446A657007B4717 /* Activities.swift */,
				C63A96AF2446BC45007B4717 /* MediaObject.xcdatamodeld */,
				C6874A8E2448B1D1009616E5 /* MediaObject+CoreDataClass.swift */,
				C6874A8F2448B1D1009616E5 /* MediaObject+CoreDataProperties.swift */,
			);
			path = Models;
			sourceTree = "<group>";
		};
		C63A96A62446AC31007B4717 /* Extensions */ = {
			isa = PBXGroup;
			children = (
				C63A96A82446AC64007B4717 /* URL+VideoPreviewThumbnail.swift */,
				C634F7F62447BAF80042BB6C /* Data+ConvertURL.swift */,
				C63A96AA2446AC8A007B4717 /* ShowAlert.swift */,
			);
			path = Extensions;
			sourceTree = "<group>";
		};
		C63A96AC2446BAFE007B4717 /* CoreDataManager */ = {
			isa = PBXGroup;
			children = (
				C63A96AD2446BB16007B4717 /* CoreDataManager.swift */,
			);
			path = CoreDataManager;
			sourceTree = "<group>";
		};
		C64C418D2445032100919FBC = {
			isa = PBXGroup;
			children = (
				C64C41982445032100919FBC /* ActivityApp */,
				C64C41972445032100919FBC /* Products */,
				522830203FC4064BA408BD0B /* Pods */,
				8DABEBBECD8A80E5CF8C9867 /* Frameworks */,
			);
			sourceTree = "<group>";
		};
		C64C41972445032100919FBC /* Products */ = {
			isa = PBXGroup;
			children = (
				C64C41962445032100919FBC /* ActivityApp.app */,
			);
			name = Products;
			sourceTree = "<group>";
		};
		C64C41982445032100919FBC /* ActivityApp */ = {
			isa = PBXGroup;
			children = (
				C64C41992445032100919FBC /* AppDelegate.swift */,
				C64C419B2445032100919FBC /* SceneDelegate.swift */,
				C63A96A62446AC31007B4717 /* Extensions */,
				C63A96AC2446BAFE007B4717 /* CoreDataManager */,
				C653A108244698B100142D86 /* FirebaseServices */,
				C63A96A32446A645007B4717 /* Models */,
				C6338078244645CA001F8CE0 /* Views */,
				C6AA63872446450400F6D303 /* ViewControllers */,
				C6338087244649C3001F8CE0 /* Cells */,
				C64C41A22445032200919FBC /* Assets.xcassets */,
				C64C41A42445032200919FBC /* LaunchScreen.storyboard */,
				C64C41A72445032200919FBC /* Info.plist */,
				C653A1042446587800142D86 /* GoogleService-Info.plist */,
			);
			path = ActivityApp;
			sourceTree = "<group>";
		};
		C653A108244698B100142D86 /* FirebaseServices */ = {
			isa = PBXGroup;
			children = (
				C653A106244677D300142D86 /* DatabaseService.swift */,
			);
			path = FirebaseServices;
			sourceTree = "<group>";
		};
		C6AA63872446450400F6D303 /* ViewControllers */ = {
			isa = PBXGroup;
			children = (
				C6AA637B2446438B00F6D303 /* ActivitiesCollectionViewController.swift */,
				C6AA637D244643B600F6D303 /* RulesViewController.swift */,
				C6AA637F2446443300F6D303 /* MattViewController.swift */,
				C6AA6381244644DE00F6D303 /* LubaViewController.swift */,
				C6AA6383244644EE00F6D303 /* TiffanyViewController.swift */,
				C6AA6385244644FA00F6D303 /* CasandraViewController.swift */,
				C6338076244645B2001F8CE0 /* ActivityFiveViewController.swift */,
			);
			path = ViewControllers;
			sourceTree = "<group>";
		};
/* End PBXGroup section */

/* Begin PBXNativeTarget section */
		C64C41952445032100919FBC /* ActivityApp */ = {
			isa = PBXNativeTarget;
			buildConfigurationList = C64C41AA2445032200919FBC /* Build configuration list for PBXNativeTarget "ActivityApp" */;
			buildPhases = (
				BA97D03CCCC91E4C3BCAD778 /* [CP] Check Pods Manifest.lock */,
				C64C41922445032100919FBC /* Sources */,
				C64C41932445032100919FBC /* Frameworks */,
				C64C41942445032100919FBC /* Resources */,
				83D4E1339C4399E91E4B2568 /* [CP] Embed Pods Frameworks */,
			);
			buildRules = (
			);
			dependencies = (
			);
			name = ActivityApp;
			productName = ActivityApp;
			productReference = C64C41962445032100919FBC /* ActivityApp.app */;
			productType = "com.apple.product-type.application";
		};
/* End PBXNativeTarget section */

/* Begin PBXProject section */
		C64C418E2445032100919FBC /* Project object */ = {
			isa = PBXProject;
			attributes = {
				LastSwiftUpdateCheck = 1140;
				LastUpgradeCheck = 1140;
				ORGANIZATIONNAME = "casandra grullon";
				TargetAttributes = {
					C64C41952445032100919FBC = {
						CreatedOnToolsVersion = 11.4;
					};
				};
			};
			buildConfigurationList = C64C41912445032100919FBC /* Build configuration list for PBXProject "ActivityApp" */;
			compatibilityVersion = "Xcode 9.3";
			developmentRegion = en;
			hasScannedForEncodings = 0;
			knownRegions = (
				en,
				Base,
			);
			mainGroup = C64C418D2445032100919FBC;
			productRefGroup = C64C41972445032100919FBC /* Products */;
			projectDirPath = "";
			projectRoot = "";
			targets = (
				C64C41952445032100919FBC /* ActivityApp */,
			);
		};
/* End PBXProject section */

/* Begin PBXResourcesBuildPhase section */
		C64C41942445032100919FBC /* Resources */ = {
			isa = PBXResourcesBuildPhase;
			buildActionMask = 2147483647;
			files = (
				C64C41A62445032200919FBC /* LaunchScreen.storyboard in Resources */,
				C64C41A32445032200919FBC /* Assets.xcassets in Resources */,
				C653A1052446587800142D86 /* GoogleService-Info.plist in Resources */,
			);
			runOnlyForDeploymentPostprocessing = 0;
		};
/* End PBXResourcesBuildPhase section */

/* Begin PBXShellScriptBuildPhase section */
		83D4E1339C4399E91E4B2568 /* [CP] Embed Pods Frameworks */ = {
			isa = PBXShellScriptBuildPhase;
			buildActionMask = 2147483647;
			files = (
			);
			inputFileListPaths = (
				"${PODS_ROOT}/Target Support Files/Pods-ActivityApp/Pods-ActivityApp-frameworks-${CONFIGURATION}-input-files.xcfilelist",
			);
			name = "[CP] Embed Pods Frameworks";
			outputFileListPaths = (
				"${PODS_ROOT}/Target Support Files/Pods-ActivityApp/Pods-ActivityApp-frameworks-${CONFIGURATION}-output-files.xcfilelist",
			);
			runOnlyForDeploymentPostprocessing = 0;
			shellPath = /bin/sh;
			shellScript = "\"${PODS_ROOT}/Target Support Files/Pods-ActivityApp/Pods-ActivityApp-frameworks.sh\"\n";
			showEnvVarsInLog = 0;
		};
		BA97D03CCCC91E4C3BCAD778 /* [CP] Check Pods Manifest.lock */ = {
			isa = PBXShellScriptBuildPhase;
			buildActionMask = 2147483647;
			files = (
			);
			inputFileListPaths = (
			);
			inputPaths = (
				"${PODS_PODFILE_DIR_PATH}/Podfile.lock",
				"${PODS_ROOT}/Manifest.lock",
			);
			name = "[CP] Check Pods Manifest.lock";
			outputFileListPaths = (
			);
			outputPaths = (
				"$(DERIVED_FILE_DIR)/Pods-ActivityApp-checkManifestLockResult.txt",
			);
			runOnlyForDeploymentPostprocessing = 0;
			shellPath = /bin/sh;
			shellScript = "diff \"${PODS_PODFILE_DIR_PATH}/Podfile.lock\" \"${PODS_ROOT}/Manifest.lock\" > /dev/null\nif [ $? != 0 ] ; then\n    # print error to STDERR\n    echo \"error: The sandbox is not in sync with the Podfile.lock. Run 'pod install' or update your CocoaPods installation.\" >&2\n    exit 1\nfi\n# This output is used by Xcode 'outputs' to avoid re-running this script phase.\necho \"SUCCESS\" > \"${SCRIPT_OUTPUT_FILE_0}\"\n";
			showEnvVarsInLog = 0;
		};
/* End PBXShellScriptBuildPhase section */

/* Begin PBXSourcesBuildPhase section */
		C64C41922445032100919FBC /* Sources */ = {
			isa = PBXSourcesBuildPhase;
			buildActionMask = 2147483647;
			files = (
				C6AA6382244644DE00F6D303 /* LubaViewController.swift in Sources */,
				C63A96A92446AC64007B4717 /* URL+VideoPreviewThumbnail.swift in Sources */,
				C6AA637C2446438B00F6D303 /* ActivitiesCollectionViewController.swift in Sources */,
				C633808924464A04001F8CE0 /* ActivitiesCell.swift in Sources */,
				C633808024464621001F8CE0 /* LubaView.swift in Sources */,
				C63380862446465A001F8CE0 /* ActivityFiveView.swift in Sources */,
				C653A107244677D300142D86 /* DatabaseService.swift in Sources */,
				C6AA637E244643B600F6D303 /* RulesViewController.swift in Sources */,
				C63A96AE2446BB16007B4717 /* CoreDataManager.swift in Sources */,
				C6874A912448B1D1009616E5 /* MediaObject+CoreDataProperties.swift in Sources */,
				C64C419A2445032100919FBC /* AppDelegate.swift in Sources */,
				C6874A892448B112009616E5 /* LubaHeaderView.swift in Sources */,
				C63A96AB2446AC8A007B4717 /* ShowAlert.swift in Sources */,
				C63A96A52446A657007B4717 /* Activities.swift in Sources */,
				C6874A902448B1D1009616E5 /* MediaObject+CoreDataClass.swift in Sources */,
				C6AA6384244644EE00F6D303 /* TiffanyViewController.swift in Sources */,
				C633808224464636001F8CE0 /* TiffanyView.swift in Sources */,
				C633807C244645FD001F8CE0 /* RulesView.swift in Sources */,
				C63A96B12446BC45007B4717 /* MediaObject.xcdatamodeld in Sources */,
				C6AA63802446443300F6D303 /* MattViewController.swift in Sources */,
				C6AA6386244644FA00F6D303 /* CasandraViewController.swift in Sources */,
				C634F7F72447BAF80042BB6C /* Data+ConvertURL.swift in Sources */,
				C6338077244645B2001F8CE0 /* ActivityFiveViewController.swift in Sources */,
				C633808424464644001F8CE0 /* CasandraView.swift in Sources */,
				C64C419C2445032100919FBC /* SceneDelegate.swift in Sources */,
				C633808B24464A63001F8CE0 /* LubaCell.swift in Sources */,
				C633807E24464617001F8CE0 /* MattView.swift in Sources */,
				C633807A244645F0001F8CE0 /* ActivitiesCollectionView.swift in Sources */,
			);
			runOnlyForDeploymentPostprocessing = 0;
		};
/* End PBXSourcesBuildPhase section */

/* Begin PBXVariantGroup section */
		C64C41A42445032200919FBC /* LaunchScreen.storyboard */ = {
			isa = PBXVariantGroup;
			children = (
				C64C41A52445032200919FBC /* Base */,
			);
			name = LaunchScreen.storyboard;
			sourceTree = "<group>";
		};
/* End PBXVariantGroup section */

/* Begin XCBuildConfiguration section */
		C64C41A82445032200919FBC /* Debug */ = {
			isa = XCBuildConfiguration;
			buildSettings = {
				ALWAYS_SEARCH_USER_PATHS = NO;
				CLANG_ANALYZER_NONNULL = YES;
				CLANG_ANALYZER_NUMBER_OBJECT_CONVERSION = YES_AGGRESSIVE;
				CLANG_CXX_LANGUAGE_STANDARD = "gnu++14";
				CLANG_CXX_LIBRARY = "libc++";
				CLANG_ENABLE_MODULES = YES;
				CLANG_ENABLE_OBJC_ARC = YES;
				CLANG_ENABLE_OBJC_WEAK = YES;
				CLANG_WARN_BLOCK_CAPTURE_AUTORELEASING = YES;
				CLANG_WARN_BOOL_CONVERSION = YES;
				CLANG_WARN_COMMA = YES;
				CLANG_WARN_CONSTANT_CONVERSION = YES;
				CLANG_WARN_DEPRECATED_OBJC_IMPLEMENTATIONS = YES;
				CLANG_WARN_DIRECT_OBJC_ISA_USAGE = YES_ERROR;
				CLANG_WARN_DOCUMENTATION_COMMENTS = YES;
				CLANG_WARN_EMPTY_BODY = YES;
				CLANG_WARN_ENUM_CONVERSION = YES;
				CLANG_WARN_INFINITE_RECURSION = YES;
				CLANG_WARN_INT_CONVERSION = YES;
				CLANG_WARN_NON_LITERAL_NULL_CONVERSION = YES;
				CLANG_WARN_OBJC_IMPLICIT_RETAIN_SELF = YES;
				CLANG_WARN_OBJC_LITERAL_CONVERSION = YES;
				CLANG_WARN_OBJC_ROOT_CLASS = YES_ERROR;
				CLANG_WARN_RANGE_LOOP_ANALYSIS = YES;
				CLANG_WARN_STRICT_PROTOTYPES = YES;
				CLANG_WARN_SUSPICIOUS_MOVE = YES;
				CLANG_WARN_UNGUARDED_AVAILABILITY = YES_AGGRESSIVE;
				CLANG_WARN_UNREACHABLE_CODE = YES;
				CLANG_WARN__DUPLICATE_METHOD_MATCH = YES;
				COPY_PHASE_STRIP = NO;
				DEBUG_INFORMATION_FORMAT = dwarf;
				ENABLE_STRICT_OBJC_MSGSEND = YES;
				ENABLE_TESTABILITY = YES;
				GCC_C_LANGUAGE_STANDARD = gnu11;
				GCC_DYNAMIC_NO_PIC = NO;
				GCC_NO_COMMON_BLOCKS = YES;
				GCC_OPTIMIZATION_LEVEL = 0;
				GCC_PREPROCESSOR_DEFINITIONS = (
					"DEBUG=1",
					"$(inherited)",
				);
				GCC_WARN_64_TO_32_BIT_CONVERSION = YES;
				GCC_WARN_ABOUT_RETURN_TYPE = YES_ERROR;
				GCC_WARN_UNDECLARED_SELECTOR = YES;
				GCC_WARN_UNINITIALIZED_AUTOS = YES_AGGRESSIVE;
				GCC_WARN_UNUSED_FUNCTION = YES;
				GCC_WARN_UNUSED_VARIABLE = YES;
				IPHONEOS_DEPLOYMENT_TARGET = 13.4;
				MTL_ENABLE_DEBUG_INFO = INCLUDE_SOURCE;
				MTL_FAST_MATH = YES;
				ONLY_ACTIVE_ARCH = YES;
				SDKROOT = iphoneos;
				SWIFT_ACTIVE_COMPILATION_CONDITIONS = DEBUG;
				SWIFT_OPTIMIZATION_LEVEL = "-Onone";
			};
			name = Debug;
		};
		C64C41A92445032200919FBC /* Release */ = {
			isa = XCBuildConfiguration;
			buildSettings = {
				ALWAYS_SEARCH_USER_PATHS = NO;
				CLANG_ANALYZER_NONNULL = YES;
				CLANG_ANALYZER_NUMBER_OBJECT_CONVERSION = YES_AGGRESSIVE;
				CLANG_CXX_LANGUAGE_STANDARD = "gnu++14";
				CLANG_CXX_LIBRARY = "libc++";
				CLANG_ENABLE_MODULES = YES;
				CLANG_ENABLE_OBJC_ARC = YES;
				CLANG_ENABLE_OBJC_WEAK = YES;
				CLANG_WARN_BLOCK_CAPTURE_AUTORELEASING = YES;
				CLANG_WARN_BOOL_CONVERSION = YES;
				CLANG_WARN_COMMA = YES;
				CLANG_WARN_CONSTANT_CONVERSION = YES;
				CLANG_WARN_DEPRECATED_OBJC_IMPLEMENTATIONS = YES;
				CLANG_WARN_DIRECT_OBJC_ISA_USAGE = YES_ERROR;
				CLANG_WARN_DOCUMENTATION_COMMENTS = YES;
				CLANG_WARN_EMPTY_BODY = YES;
				CLANG_WARN_ENUM_CONVERSION = YES;
				CLANG_WARN_INFINITE_RECURSION = YES;
				CLANG_WARN_INT_CONVERSION = YES;
				CLANG_WARN_NON_LITERAL_NULL_CONVERSION = YES;
				CLANG_WARN_OBJC_IMPLICIT_RETAIN_SELF = YES;
				CLANG_WARN_OBJC_LITERAL_CONVERSION = YES;
				CLANG_WARN_OBJC_ROOT_CLASS = YES_ERROR;
				CLANG_WARN_RANGE_LOOP_ANALYSIS = YES;
				CLANG_WARN_STRICT_PROTOTYPES = YES;
				CLANG_WARN_SUSPICIOUS_MOVE = YES;
				CLANG_WARN_UNGUARDED_AVAILABILITY = YES_AGGRESSIVE;
				CLANG_WARN_UNREACHABLE_CODE = YES;
				CLANG_WARN__DUPLICATE_METHOD_MATCH = YES;
				COPY_PHASE_STRIP = NO;
				DEBUG_INFORMATION_FORMAT = "dwarf-with-dsym";
				ENABLE_NS_ASSERTIONS = NO;
				ENABLE_STRICT_OBJC_MSGSEND = YES;
				GCC_C_LANGUAGE_STANDARD = gnu11;
				GCC_NO_COMMON_BLOCKS = YES;
				GCC_WARN_64_TO_32_BIT_CONVERSION = YES;
				GCC_WARN_ABOUT_RETURN_TYPE = YES_ERROR;
				GCC_WARN_UNDECLARED_SELECTOR = YES;
				GCC_WARN_UNINITIALIZED_AUTOS = YES_AGGRESSIVE;
				GCC_WARN_UNUSED_FUNCTION = YES;
				GCC_WARN_UNUSED_VARIABLE = YES;
				IPHONEOS_DEPLOYMENT_TARGET = 13.4;
				MTL_ENABLE_DEBUG_INFO = NO;
				MTL_FAST_MATH = YES;
				SDKROOT = iphoneos;
				SWIFT_COMPILATION_MODE = wholemodule;
				SWIFT_OPTIMIZATION_LEVEL = "-O";
				VALIDATE_PRODUCT = YES;
			};
			name = Release;
		};
		C64C41AB2445032200919FBC /* Debug */ = {
			isa = XCBuildConfiguration;
			baseConfigurationReference = 469565247CC26627257EA3D9 /* Pods-ActivityApp.debug.xcconfig */;
			buildSettings = {
				ASSETCATALOG_COMPILER_APPICON_NAME = AppIcon;
				CODE_SIGN_STYLE = Automatic;
				DEVELOPMENT_TEAM = JRUP55ZMLQ;
				INFOPLIST_FILE = ActivityApp/Info.plist;
				LD_RUNPATH_SEARCH_PATHS = (
					"$(inherited)",
					"@executable_path/Frameworks",
				);
				PRODUCT_BUNDLE_IDENTIFIER = com.casandragrullon.ActivityApp;
				PRODUCT_NAME = "$(TARGET_NAME)";
				SWIFT_VERSION = 5.0;
				TARGETED_DEVICE_FAMILY = "1,2";
			};
			name = Debug;
		};
		C64C41AC2445032200919FBC /* Release */ = {
			isa = XCBuildConfiguration;
			baseConfigurationReference = 81F64C1E6A7D3631F924AAF2 /* Pods-ActivityApp.release.xcconfig */;
			buildSettings = {
				ASSETCATALOG_COMPILER_APPICON_NAME = AppIcon;
				CODE_SIGN_STYLE = Automatic;
				DEVELOPMENT_TEAM = JRUP55ZMLQ;
				INFOPLIST_FILE = ActivityApp/Info.plist;
				LD_RUNPATH_SEARCH_PATHS = (
					"$(inherited)",
					"@executable_path/Frameworks",
				);
				PRODUCT_BUNDLE_IDENTIFIER = com.casandragrullon.ActivityApp;
				PRODUCT_NAME = "$(TARGET_NAME)";
				SWIFT_VERSION = 5.0;
				TARGETED_DEVICE_FAMILY = "1,2";
			};
			name = Release;
		};
/* End XCBuildConfiguration section */

/* Begin XCConfigurationList section */
		C64C41912445032100919FBC /* Build configuration list for PBXProject "ActivityApp" */ = {
			isa = XCConfigurationList;
			buildConfigurations = (
				C64C41A82445032200919FBC /* Debug */,
				C64C41A92445032200919FBC /* Release */,
			);
			defaultConfigurationIsVisible = 0;
			defaultConfigurationName = Release;
		};
		C64C41AA2445032200919FBC /* Build configuration list for PBXNativeTarget "ActivityApp" */ = {
			isa = XCConfigurationList;
			buildConfigurations = (
				C64C41AB2445032200919FBC /* Debug */,
				C64C41AC2445032200919FBC /* Release */,
			);
			defaultConfigurationIsVisible = 0;
			defaultConfigurationName = Release;
		};
/* End XCConfigurationList section */

/* Begin XCVersionGroup section */
		C63A96AF2446BC45007B4717 /* MediaObject.xcdatamodeld */ = {
			isa = XCVersionGroup;
			children = (
				C63A96B02446BC45007B4717 /* MediaObject.xcdatamodel */,
			);
			currentVersion = C63A96B02446BC45007B4717 /* MediaObject.xcdatamodel */;
			path = MediaObject.xcdatamodeld;
			sourceTree = "<group>";
			versionGroupType = wrapper.xcdatamodel;
		};
/* End XCVersionGroup section */
	};
	rootObject = C64C418E2445032100919FBC /* Project object */;
}
